PODS:
  - Flutter (1.0.0)
  - flutter_audio (0.0.1):
    - Flutter
  - path_provider (0.0.1):
    - Flutter

DEPENDENCIES:
  - Flutter (from `.symlinks/flutter/ios`)
  - flutter_audio (from `.symlinks/plugins/flutter_audio/ios`)
  - path_provider (from `.symlinks/plugins/path_provider/ios`)

EXTERNAL SOURCES:
  Flutter:
    :path: ".symlinks/flutter/ios"
  flutter_audio:
    :path: ".symlinks/plugins/flutter_audio/ios"
  path_provider:
    :path: ".symlinks/plugins/path_provider/ios"

SPEC CHECKSUMS:
  Flutter: 0e3d915762c693b495b44d77113d4970485de6ec
  flutter_audio: 4813f06661cef38422ccb3295516e784c5075846
  path_provider: fb74bd0465e96b594bb3b5088ee4a4e7bb1f2a9d

PODFILE CHECKSUM: 7fb83752f59ead6285236625b82473f90b1cb932

COCOAPODS: 1.8.3
